// !$*UTF8*$!
{
	archiveVersion = 1;
	classes = {
	};
	objectVersion = 56;
	objects = {

/* Begin PBXBuildFile section */
		A63F86902B32CC4E00715E0D /* CardView.swift in Sources */ = {isa = PBXBuildFile; fileRef = A63F868F2B32CC4E00715E0D /* CardView.swift */; };
		A63F86932B32CEAF00715E0D /* CustomBackgroundView.swift in Sources */ = {isa = PBXBuildFile; fileRef = A63F86922B32CEAF00715E0D /* CustomBackgroundView.swift */; };
		A63F86962B32D09D00715E0D /* ColorExtension.swift in Sources */ = {isa = PBXBuildFile; fileRef = A63F86952B32D09D00715E0D /* ColorExtension.swift */; };
		A63F86982B32D59500715E0D /* CustomButtonView.swift in Sources */ = {isa = PBXBuildFile; fileRef = A63F86972B32D59500715E0D /* CustomButtonView.swift */; };
		A6EBB0F02B32BC7D00F4F690 /* UdemyTutorialsApp.swift in Sources */ = {isa = PBXBuildFile; fileRef = A6EBB0EF2B32BC7D00F4F690 /* UdemyTutorialsApp.swift */; };
		A6EBB0F22B32BC7D00F4F690 /* ContentView.swift in Sources */ = {isa = PBXBuildFile; fileRef = A6EBB0F12B32BC7D00F4F690 /* ContentView.swift */; };
		A6EBB0F42B32BC7F00F4F690 /* Assets.xcassets in Resources */ = {isa = PBXBuildFile; fileRef = A6EBB0F32B32BC7F00F4F690 /* Assets.xcassets */; };
		A6EBB0F72B32BC7F00F4F690 /* Preview Assets.xcassets in Resources */ = {isa = PBXBuildFile; fileRef = A6EBB0F62B32BC7F00F4F690 /* Preview Assets.xcassets */; };
/* End PBXBuildFile section */

/* Begin PBXFileReference section */
		A63F868F2B32CC4E00715E0D /* CardView.swift */ = {isa = PBXFileReference; lastKnownFileType = sourcecode.swift; path = CardView.swift; sourceTree = "<group>"; };
		A63F86922B32CEAF00715E0D /* CustomBackgroundView.swift */ = {isa = PBXFileReference; lastKnownFileType = sourcecode.swift; path = CustomBackgroundView.swift; sourceTree = "<group>"; };
		A63F86952B32D09D00715E0D /* ColorExtension.swift */ = {isa = PBXFileReference; lastKnownFileType = sourcecode.swift; path = ColorExtension.swift; sourceTree = "<group>"; };
		A63F86972B32D59500715E0D /* CustomButtonView.swift */ = {isa = PBXFileReference; lastKnownFileType = sourcecode.swift; path = CustomButtonView.swift; sourceTree = "<group>"; };
		A6EBB0EC2B32BC7D00F4F690 /* UdemyTutorials.app */ = {isa = PBXFileReference; explicitFileType = wrapper.application; includeInIndex = 0; path = UdemyTutorials.app; sourceTree = BUILT_PRODUCTS_DIR; };
		A6EBB0EF2B32BC7D00F4F690 /* UdemyTutorialsApp.swift */ = {isa = PBXFileReference; lastKnownFileType = sourcecode.swift; path = UdemyTutorialsApp.swift; sourceTree = "<group>"; };
		A6EBB0F12B32BC7D00F4F690 /* ContentView.swift */ = {isa = PBXFileReference; lastKnownFileType = sourcecode.swift; path = ContentView.swift; sourceTree = "<group>"; };
		A6EBB0F32B32BC7F00F4F690 /* Assets.xcassets */ = {isa = PBXFileReference; lastKnownFileType = folder.assetcatalog; path = Assets.xcassets; sourceTree = "<group>"; };
		A6EBB0F62B32BC7F00F4F690 /* Preview Assets.xcassets */ = {isa = PBXFileReference; lastKnownFileType = folder.assetcatalog; path = "Preview Assets.xcassets"; sourceTree = "<group>"; };
/* End PBXFileReference section */

/* Begin PBXFrameworksBuildPhase section */
		A6EBB0E92B32BC7D00F4F690 /* Frameworks */ = {
			isa = PBXFrameworksBuildPhase;
			buildActionMask = 2147483647;
			files = (
			);
			runOnlyForDeploymentPostprocessing = 0;
		};
/* End PBXFrameworksBuildPhase section */

/* Begin PBXGroup section */
		A63F86912B32CE7900715E0D /* Component */ = {
			isa = PBXGroup;
			children = (
				A63F868F2B32CC4E00715E0D /* CardView.swift */,
				A63F86922B32CEAF00715E0D /* CustomBackgroundView.swift */,
				A63F86972B32D59500715E0D /* CustomButtonView.swift */,
			);
			path = Component;
			sourceTree = "<group>";
		};
		A63F86942B32D07900715E0D /* Utility */ = {
			isa = PBXGroup;
			children = (
				A63F86952B32D09D00715E0D /* ColorExtension.swift */,
			);
			path = Utility;
			sourceTree = "<group>";
		};
		A6EBB0E32B32BC7D00F4F690 = {
			isa = PBXGroup;
			children = (
				A6EBB0EE2B32BC7D00F4F690 /* UdemyTutorials */,
				A6EBB0ED2B32BC7D00F4F690 /* Products */,
			);
			sourceTree = "<group>";
		};
		A6EBB0ED2B32BC7D00F4F690 /* Products */ = {
			isa = PBXGroup;
			children = (
				A6EBB0EC2B32BC7D00F4F690 /* UdemyTutorials.app */,
			);
			name = Products;
			sourceTree = "<group>";
		};
		A6EBB0EE2B32BC7D00F4F690 /* UdemyTutorials */ = {
			isa = PBXGroup;
			children = (
				A63F86942B32D07900715E0D /* Utility */,
				A6EBB0EF2B32BC7D00F4F690 /* UdemyTutorialsApp.swift */,
				A6EBB0F12B32BC7D00F4F690 /* ContentView.swift */,
				A6EBB0F32B32BC7F00F4F690 /* Assets.xcassets */,
				A6EBB0F52B32BC7F00F4F690 /* Preview Content */,
				A63F86912B32CE7900715E0D /* Component */,
			);
			path = UdemyTutorials;
			sourceTree = "<group>";
		};
		A6EBB0F52B32BC7F00F4F690 /* Preview Content */ = {
			isa = PBXGroup;
			children = (
				A6EBB0F62B32BC7F00F4F690 /* Preview Assets.xcassets */,
			);
			path = "Preview Content";
			sourceTree = "<group>";
		};
/* End PBXGroup section */

/* Begin PBXNativeTarget section */
		A6EBB0EB2B32BC7D00F4F690 /* UdemyTutorials */ = {
			isa = PBXNativeTarget;
			buildConfigurationList = A6EBB0FA2B32BC7F00F4F690 /* Build configuration list for PBXNativeTarget "UdemyTutorials" */;
			buildPhases = (
				A6EBB0E82B32BC7D00F4F690 /* Sources */,
				A6EBB0E92B32BC7D00F4F690 /* Frameworks */,
				A6EBB0EA2B32BC7D00F4F690 /* Resources */,
			);
			buildRules = (
			);
			dependencies = (
			);
			name = UdemyTutorials;
			productName = UdemyTutorials;
			productReference = A6EBB0EC2B32BC7D00F4F690 /* UdemyTutorials.app */;
			productType = "com.apple.product-type.application";
		};
/* End PBXNativeTarget section */

/* Begin PBXProject section */
		A6EBB0E42B32BC7D00F4F690 /* Project object */ = {
			isa = PBXProject;
			attributes = {
				BuildIndependentTargetsInParallel = 1;
				LastSwiftUpdateCheck = 1510;
				LastUpgradeCheck = 1510;
				TargetAttributes = {
					A6EBB0EB2B32BC7D00F4F690 = {
						CreatedOnToolsVersion = 15.1;
					};
				};
			};
			buildConfigurationList = A6EBB0E72B32BC7D00F4F690 /* Build configuration list for PBXProject "UdemyTutorials" */;
			compatibilityVersion = "Xcode 14.0";
			developmentRegion = en;
			hasScannedForEncodings = 0;
			knownRegions = (
				en,
				Base,
			);
			mainGroup = A6EBB0E32B32BC7D00F4F690;
			productRefGroup = A6EBB0ED2B32BC7D00F4F690 /* Products */;
			projectDirPath = "";
			projectRoot = "";
			targets = (
				A6EBB0EB2B32BC7D00F4F690 /* UdemyTutorials */,
			);
		};
/* End PBXProject section */

/* Begin PBXResourcesBuildPhase section */
		A6EBB0EA2B32BC7D00F4F690 /* Resources */ = {
			isa = PBXResourcesBuildPhase;
			buildActionMask = 2147483647;
			files = (
				A6EBB0F72B32BC7F00F4F690 /* Preview Assets.xcassets in Resources */,
				A6EBB0F42B32BC7F00F4F690 /* Assets.xcassets in Resources */,
			);
			runOnlyForDeploymentPostprocessing = 0;
		};
/* End PBXResourcesBuildPhase section */

/* Begin PBXSourcesBuildPhase section */
		A6EBB0E82B32BC7D00F4F690 /* Sources */ = {
			isa = PBXSourcesBuildPhase;
			buildActionMask = 2147483647;
			files = (
				A6EBB0F22B32BC7D00F4F690 /* ContentView.swift in Sources */,
				A63F86902B32CC4E00715E0D /* CardView.swift in Sources */,
				A6EBB0F02B32BC7D00F4F690 /* UdemyTutorialsApp.swift in Sources */,
				A63F86982B32D59500715E0D /* CustomButtonView.swift in Sources */,
				A63F86932B32CEAF00715E0D /* CustomBackgroundView.swift in Sources */,
				A63F86962B32D09D00715E0D /* ColorExtension.swift in Sources */,
			);
			runOnlyForDeploymentPostprocessing = 0;
		};
/* End PBXSourcesBuildPhase section */

/* Begin XCBuildConfiguration section */
		A6EBB0F82B32BC7F00F4F690 /* Debug */ = {
			isa = XCBuildConfiguration;
			buildSettings = {
				ALWAYS_SEARCH_USER_PATHS = NO;
				ASSETCATALOG_COMPILER_GENERATE_SWIFT_ASSET_SYMBOL_EXTENSIONS = YES;
				CLANG_ANALYZER_NONNULL = YES;
				CLANG_ANALYZER_NUMBER_OBJECT_CONVERSION = YES_AGGRESSIVE;
				CLANG_CXX_LANGUAGE_STANDARD = "gnu++20";
				CLANG_ENABLE_MODULES = YES;
				CLANG_ENABLE_OBJC_ARC = YES;
				CLANG_ENABLE_OBJC_WEAK = YES;
				CLANG_WARN_BLOCK_CAPTURE_AUTORELEASING = YES;
				CLANG_WARN_BOOL_CONVERSION = YES;
				CLANG_WARN_COMMA = YES;
				CLANG_WARN_CONSTANT_CONVERSION = YES;
				CLANG_WARN_DEPRECATED_OBJC_IMPLEMENTATIONS = YES;
				CLANG_WARN_DIRECT_OBJC_ISA_USAGE = YES_ERROR;
				CLANG_WARN_DOCUMENTATION_COMMENTS = YES;
				CLANG_WARN_EMPTY_BODY = YES;
				CLANG_WARN_ENUM_CONVERSION = YES;
				CLANG_WARN_INFINITE_RECURSION = YES;
				CLANG_WARN_INT_CONVERSION = YES;
				CLANG_WARN_NON_LITERAL_NULL_CONVERSION = YES;
				CLANG_WARN_OBJC_IMPLICIT_RETAIN_SELF = YES;
				CLANG_WARN_OBJC_LITERAL_CONVERSION = YES;
				CLANG_WARN_OBJC_ROOT_CLASS = YES_ERROR;
				CLANG_WARN_QUOTED_INCLUDE_IN_FRAMEWORK_HEADER = YES;
				CLANG_WARN_RANGE_LOOP_ANALYSIS = YES;
				CLANG_WARN_STRICT_PROTOTYPES = YES;
				CLANG_WARN_SUSPICIOUS_MOVE = YES;
				CLANG_WARN_UNGUARDED_AVAILABILITY = YES_AGGRESSIVE;
				CLANG_WARN_UNREACHABLE_CODE = YES;
				CLANG_WARN__DUPLICATE_METHOD_MATCH = YES;
				COPY_PHASE_STRIP = NO;
				DEBUG_INFORMATION_FORMAT = dwarf;
				ENABLE_STRICT_OBJC_MSGSEND = YES;
				ENABLE_TESTABILITY = YES;
				ENABLE_USER_SCRIPT_SANDBOXING = YES;
				GCC_C_LANGUAGE_STANDARD = gnu17;
				GCC_DYNAMIC_NO_PIC = NO;
				GCC_NO_COMMON_BLOCKS = YES;
				GCC_OPTIMIZATION_LEVEL = 0;
				GCC_PREPROCESSOR_DEFINITIONS = (
					"DEBUG=1",
					"$(inherited)",
				);
				GCC_WARN_64_TO_32_BIT_CONVERSION = YES;
				GCC_WARN_ABOUT_RETURN_TYPE = YES_ERROR;
				GCC_WARN_UNDECLARED_SELECTOR = YES;
				GCC_WARN_UNINITIALIZED_AUTOS = YES_AGGRESSIVE;
				GCC_WARN_UNUSED_FUNCTION = YES;
				GCC_WARN_UNUSED_VARIABLE = YES;
				IPHONEOS_DEPLOYMENT_TARGET = 17.2;
				LOCALIZATION_PREFERS_STRING_CATALOGS = YES;
				MTL_ENABLE_DEBUG_INFO = INCLUDE_SOURCE;
				MTL_FAST_MATH = YES;
				ONLY_ACTIVE_ARCH = YES;
				SDKROOT = iphoneos;
				SWIFT_ACTIVE_COMPILATION_CONDITIONS = "DEBUG $(inherited)";
				SWIFT_OPTIMIZATION_LEVEL = "-Onone";
			};
			name = Debug;
		};
		A6EBB0F92B32BC7F00F4F690 /* Release */ = {
			isa = XCBuildConfiguration;
			buildSettings = {
				ALWAYS_SEARCH_USER_PATHS = NO;
				ASSETCATALOG_COMPILER_GENERATE_SWIFT_ASSET_SYMBOL_EXTENSIONS = YES;
				CLANG_ANALYZER_NONNULL = YES;
				CLANG_ANALYZER_NUMBER_OBJECT_CONVERSION = YES_AGGRESSIVE;
				CLANG_CXX_LANGUAGE_STANDARD = "gnu++20";
				CLANG_ENABLE_MODULES = YES;
				CLANG_ENABLE_OBJC_ARC = YES;
				CLANG_ENABLE_OBJC_WEAK = YES;
				CLANG_WARN_BLOCK_CAPTURE_AUTORELEASING = YES;
				CLANG_WARN_BOOL_CONVERSION = YES;
				CLANG_WARN_COMMA = YES;
				CLANG_WARN_CONSTANT_CONVERSION = YES;
				CLANG_WARN_DEPRECATED_OBJC_IMPLEMENTATIONS = YES;
				CLANG_WARN_DIRECT_OBJC_ISA_USAGE = YES_ERROR;
				CLANG_WARN_DOCUMENTATION_COMMENTS = YES;
				CLANG_WARN_EMPTY_BODY = YES;
				CLANG_WARN_ENUM_CONVERSION = YES;
				CLANG_WARN_INFINITE_RECURSION = YES;
				CLANG_WARN_INT_CONVERSION = YES;
				CLANG_WARN_NON_LITERAL_NULL_CONVERSION = YES;
				CLANG_WARN_OBJC_IMPLICIT_RETAIN_SELF = YES;
				CLANG_WARN_OBJC_LITERAL_CONVERSION = YES;
				CLANG_WARN_OBJC_ROOT_CLASS = YES_ERROR;
				CLANG_WARN_QUOTED_INCLUDE_IN_FRAMEWORK_HEADER = YES;
				CLANG_WARN_RANGE_LOOP_ANALYSIS = YES;
				CLANG_WARN_STRICT_PROTOTYPES = YES;
				CLANG_WARN_SUSPICIOUS_MOVE = YES;
				CLANG_WARN_UNGUARDED_AVAILABILITY = YES_AGGRESSIVE;
				CLANG_WARN_UNREACHABLE_CODE = YES;
				CLANG_WARN__DUPLICATE_METHOD_MATCH = YES;
				COPY_PHASE_STRIP = NO;
				DEBUG_INFORMATION_FORMAT = "dwarf-with-dsym";
				ENABLE_NS_ASSERTIONS = NO;
				ENABLE_STRICT_OBJC_MSGSEND = YES;
				ENABLE_USER_SCRIPT_SANDBOXING = YES;
				GCC_C_LANGUAGE_STANDARD = gnu17;
				GCC_NO_COMMON_BLOCKS = YES;
				GCC_WARN_64_TO_32_BIT_CONVERSION = YES;
				GCC_WARN_ABOUT_RETURN_TYPE = YES_ERROR;
				GCC_WARN_UNDECLARED_SELECTOR = YES;
				GCC_WARN_UNINITIALIZED_AUTOS = YES_AGGRESSIVE;
				GCC_WARN_UNUSED_FUNCTION = YES;
				GCC_WARN_UNUSED_VARIABLE = YES;
				IPHONEOS_DEPLOYMENT_TARGET = 17.2;
				LOCALIZATION_PREFERS_STRING_CATALOGS = YES;
				MTL_ENABLE_DEBUG_INFO = NO;
				MTL_FAST_MATH = YES;
				SDKROOT = iphoneos;
				SWIFT_COMPILATION_MODE = wholemodule;
				VALIDATE_PRODUCT = YES;
			};
			name = Release;
		};
		A6EBB0FB2B32BC7F00F4F690 /* Debug */ = {
			isa = XCBuildConfiguration;
			buildSettings = {
				ASSETCATALOG_COMPILER_APPICON_NAME = AppIcon;
				ASSETCATALOG_COMPILER_GLOBAL_ACCENT_COLOR_NAME = AccentColor;
				CODE_SIGN_STYLE = Automatic;
				CURRENT_PROJECT_VERSION = 1;
				DEVELOPMENT_ASSET_PATHS = "\"UdemyTutorials/Preview Content\"";
				DEVELOPMENT_TEAM = G87QTK58LT;
				ENABLE_PREVIEWS = YES;
				GENERATE_INFOPLIST_FILE = YES;
				INFOPLIST_KEY_UIApplicationSceneManifest_Generation = YES;
				INFOPLIST_KEY_UIApplicationSupportsIndirectInputEvents = YES;
				INFOPLIST_KEY_UILaunchScreen_Generation = YES;
				INFOPLIST_KEY_UISupportedInterfaceOrientations_iPad = "UIInterfaceOrientationPortrait UIInterfaceOrientationPortraitUpsideDown UIInterfaceOrientationLandscapeLeft UIInterfaceOrientationLandscapeRight";
				INFOPLIST_KEY_UISupportedInterfaceOrientations_iPhone = "UIInterfaceOrientationPortrait UIInterfaceOrientationLandscapeLeft UIInterfaceOrientationLandscapeRight";
				LD_RUNPATH_SEARCH_PATHS = (
					"$(inherited)",
					"@executable_path/Frameworks",
				);
				MARKETING_VERSION = 1.0;
				PRODUCT_BUNDLE_IDENTIFIER = com.robEnriquez.UdemyTutorials;
				PRODUCT_NAME = "$(TARGET_NAME)";
				SWIFT_EMIT_LOC_STRINGS = YES;
				SWIFT_VERSION = 5.0;
				TARGETED_DEVICE_FAMILY = "1,2";
			};
			name = Debug;
		};
		A6EBB0FC2B32BC7F00F4F690 /* Release */ = {
			isa = XCBuildConfiguration;
			buildSettings = {
				ASSETCATALOG_COMPILER_APPICON_NAME = AppIcon;
				ASSETCATALOG_COMPILER_GLOBAL_ACCENT_COLOR_NAME = AccentColor;
				CODE_SIGN_STYLE = Automatic;
				CURRENT_PROJECT_VERSION = 1;
				DEVELOPMENT_ASSET_PATHS = "\"UdemyTutorials/Preview Content\"";
				DEVELOPMENT_TEAM = G87QTK58LT;
				ENABLE_PREVIEWS = YES;
				GENERATE_INFOPLIST_FILE = YES;
				INFOPLIST_KEY_UIApplicationSceneManifest_Generation = YES;
				INFOPLIST_KEY_UIApplicationSupportsIndirectInputEvents = YES;
				INFOPLIST_KEY_UILaunchScreen_Generation = YES;
				INFOPLIST_KEY_UISupportedInterfaceOrientations_iPad = "UIInterfaceOrientationPortrait UIInterfaceOrientationPortraitUpsideDown UIInterfaceOrientationLandscapeLeft UIInterfaceOrientationLandscapeRight";
				INFOPLIST_KEY_UISupportedInterfaceOrientations_iPhone = "UIInterfaceOrientationPortrait UIInterfaceOrientationLandscapeLeft UIInterfaceOrientationLandscapeRight";
				LD_RUNPATH_SEARCH_PATHS = (
					"$(inherited)",
					"@executable_path/Frameworks",
				);
				MARKETING_VERSION = 1.0;
				PRODUCT_BUNDLE_IDENTIFIER = com.robEnriquez.UdemyTutorials;
				PRODUCT_NAME = "$(TARGET_NAME)";
				SWIFT_EMIT_LOC_STRINGS = YES;
				SWIFT_VERSION = 5.0;
				TARGETED_DEVICE_FAMILY = "1,2";
			};
			name = Release;
		};
/* End XCBuildConfiguration section */

/* Begin XCConfigurationList section */
		A6EBB0E72B32BC7D00F4F690 /* Build configuration list for PBXProject "UdemyTutorials" */ = {
			isa = XCConfigurationList;
			buildConfigurations = (
				A6EBB0F82B32BC7F00F4F690 /* Debug */,
				A6EBB0F92B32BC7F00F4F690 /* Release */,
			);
			defaultConfigurationIsVisible = 0;
			defaultConfigurationName = Release;
		};
		A6EBB0FA2B32BC7F00F4F690 /* Build configuration list for PBXNativeTarget "UdemyTutorials" */ = {
			isa = XCConfigurationList;
			buildConfigurations = (
				A6EBB0FB2B32BC7F00F4F690 /* Debug */,
				A6EBB0FC2B32BC7F00F4F690 /* Release */,
			);
			defaultConfigurationIsVisible = 0;
			defaultConfigurationName = Release;
		};
/* End XCConfigurationList section */
	};
	rootObject = A6EBB0E42B32BC7D00F4F690 /* Project object */;
}
